# This file is automatically @generated by Cargo.
# It is not intended for manual editing.
version = 4

[[package]]
name = "aead"
version = "0.6.0-rc.10"
source = "registry+https://github.com/rust-lang/crates.io-index"
checksum = "6b657e772794c6b04730ea897b66a058ccd866c16d1967da05eeeecec39043fe"
dependencies = [
 "crypto-common",
 "inout",
]

[[package]]
name = "aes"
version = "0.9.0"
source = "registry+https://github.com/rust-lang/crates.io-index"
checksum = "66bd29a732b644c0431c6140f370d097879203d79b80c94a6747ba0872adaef8"
dependencies = [
 "cipher",
 "cpubits",
 "cpufeatures",
 "zeroize",
]

[[package]]
name = "aes-gcm"
version = "0.11.0-rc.3"
source = "registry+https://github.com/rust-lang/crates.io-index"
checksum = "e22c0c90bbe8d4f77c3ca9ddabe41a1f8382d6fc1f7cea89459d0f320371f972"
dependencies = [
 "aead",
 "aes",
 "cipher",
 "ctr",
 "ghash",
 "subtle",
 "zeroize",
]

[[package]]
name = "block-buffer"
version = "0.12.0"
source = "registry+https://github.com/rust-lang/crates.io-index"
checksum = "cdd35008169921d80bc60d3d0ab416eecb028c4cd653352907921d95084790be"
dependencies = [
 "hybrid-array",
 "zeroize",
]

[[package]]
name = "block-padding"
version = "0.4.2"
source = "registry+https://github.com/rust-lang/crates.io-index"
checksum = "710f1dd022ef4e93f8a438b4ba958de7f64308434fa6a87104481645cc30068b"
dependencies = [
 "hybrid-array",
]

[[package]]
name = "cbc"
version = "0.2.0"
source = "registry+https://github.com/rust-lang/crates.io-index"
checksum = "98db6aeaef0eeef2c1e3ce9a27b739218825dae116076352ac3777076aa22225"
dependencies = [
 "cipher",
]

[[package]]
name = "cfg-if"
version = "1.0.4"
source = "registry+https://github.com/rust-lang/crates.io-index"
checksum = "9330f8b2ff13f34540b44e946ef35111825727b38d33286ef986142615121801"

[[package]]
name = "chacha20"
version = "0.10.0"
source = "registry+https://github.com/rust-lang/crates.io-index"
checksum = "6f8d983286843e49675a4b7a2d174efe136dc93a18d69130dd18198a6c167601"
dependencies = [
 "cfg-if",
 "cipher",
 "cpufeatures",
 "zeroize",
]

[[package]]
name = "cipher"
version = "0.5.1"
source = "registry+https://github.com/rust-lang/crates.io-index"
checksum = "e34d8227fe1ba289043aeb13792056ff80fd6de1a9f49137a5f499de8e8c78ea"
dependencies = [
 "block-buffer",
 "crypto-common",
 "inout",
 "zeroize",
]

[[package]]
name = "cmov"
version = "0.5.3"
source = "registry+https://github.com/rust-lang/crates.io-index"
checksum = "3f88a43d011fc4a6876cb7344703e297c71dda42494fee094d5f7c76bf13f746"

[[package]]
name = "cpubits"
version = "0.1.1"
source = "registry+https://github.com/rust-lang/crates.io-index"
checksum = "15b85f9c39137c3a891689859392b1bd49812121d0d61c9caf00d46ed5ce06ae"

[[package]]
name = "cpufeatures"
version = "0.3.0"
source = "registry+https://github.com/rust-lang/crates.io-index"
checksum = "8b2a41393f66f16b0823bb79094d54ac5fbd34ab292ddafb9a0456ac9f87d201"
dependencies = [
 "libc",
]

[[package]]
name = "crypto-common"
version = "0.2.1"
source = "registry+https://github.com/rust-lang/crates.io-index"
checksum = "77727bb15fa921304124b128af125e7e3b968275d1b108b379190264f4423710"
dependencies = [
 "hybrid-array",
]

[[package]]
name = "ctr"
version = "0.10.0"
source = "registry+https://github.com/rust-lang/crates.io-index"
checksum = "17469f8eb9bdbfad10f71f4cfddfd38b01143520c0e717d8796ccb4d44d44e42"
dependencies = [
 "cipher",
]

[[package]]
name = "ctutils"
version = "0.4.2"
source = "registry+https://github.com/rust-lang/crates.io-index"
checksum = "7d5515a3834141de9eafb9717ad39eea8247b5674e6066c404e8c4b365d2a29e"
dependencies = [
 "cmov",
]

[[package]]
name = "des"
version = "0.9.0"
source = "registry+https://github.com/rust-lang/crates.io-index"
checksum = "916a94e407b54f9034d71dd748234cd1e516ced6284009906ae246f177eafe5a"
dependencies = [
 "cipher",
]

[[package]]
name = "ghash"
version = "0.6.0"
source = "registry+https://github.com/rust-lang/crates.io-index"
checksum = "2eecf2d5dc9b66b732b97707a0210906b1d30523eb773193ab777c0c84b3e8d5"
dependencies = [
 "polyval",
]

[[package]]
name = "hex-literal"
version = "1.1.0"
source = "registry+https://github.com/rust-lang/crates.io-index"
checksum = "e712f64ec3850b98572bffac52e2c6f282b29fe6c5fa6d42334b30be438d95c1"

[[package]]
name = "hybrid-array"
version = "0.4.11"
source = "registry+https://github.com/rust-lang/crates.io-index"
checksum = "08d46837a0ed51fe95bd3b05de33cd64a1ee88fc797477ca48446872504507c5"
dependencies = [
 "typenum",
 "zeroize",
]

[[package]]
name = "inout"
version = "0.2.2"
source = "registry+https://github.com/rust-lang/crates.io-index"
checksum = "4250ce6452e92010fdf7268ccc5d14faa80bb12fc741938534c58f16804e03c7"
dependencies = [
 "block-padding",
 "hybrid-array",
]

[[package]]
name = "libc"
version = "0.2.186"
source = "registry+https://github.com/rust-lang/crates.io-index"
checksum = "68ab91017fe16c622486840e4c83c9a37afeff978bd239b5293d61ece587de66"

[[package]]
name = "poly1305"
version = "0.9.0"
source = "registry+https://github.com/rust-lang/crates.io-index"
checksum = "a00baa632505d05512f48a963e16051c54fda9a95cc9acea1a4e3c90991c4a2e"
dependencies = [
 "cpufeatures",
 "universal-hash",
 "zeroize",
]

[[package]]
name = "polyval"
version = "0.7.1"
source = "registry+https://github.com/rust-lang/crates.io-index"
checksum = "7dfc63250416fea14f5749b90725916a6c903f599d51cb635aa7a52bfd03eede"
dependencies = [
 "cpubits",
 "cpufeatures",
 "universal-hash",
]

[[package]]
name = "ssh-cipher"
version = "0.3.0-rc.9"
dependencies = [
 "aead",
 "aes",
 "aes-gcm",
 "cbc",
 "chacha20",
 "cipher",
 "ctr",
 "ctutils",
 "des",
 "hex-literal",
 "poly1305",
 "ssh-encoding",
 "zeroize",
]

[[package]]
name = "ssh-encoding"
version = "0.3.0-rc.9"
source = "registry+https://github.com/rust-lang/crates.io-index"
checksum = "7abf34aa716da5d5b4c496936d042ea282ab392092cd68a72ef6a8863ff8c96a"

[[package]]
name = "subtle"
version = "2.6.1"
source = "registry+https://github.com/rust-lang/crates.io-index"
checksum = "13c2bddecc57b384dee18652358fb23172facb8a2c51ccc10d74c157bdea3292"

[[package]]
name = "typenum"
version = "1.20.0"
source = "registry+https://github.com/rust-lang/crates.io-index"
checksum = "40ce102ab67701b8526c123c1bab5cbe42d7040ccfd0f64af1a385808d2f43de"

[[package]]
name = "universal-hash"
version = "0.6.1"
source = "registry+https://github.com/rust-lang/crates.io-index"
checksum = "f4987bdc12753382e0bec4a65c50738ffaabc998b9cdd1f952fb5f39b0048a96"
dependencies = [
 "crypto-common",
 "ctutils",
]

[[package]]
name = "zeroize"
version = "1.8.2"
source = "registry+https://github.com/rust-lang/crates.io-index"
checksum = "b97154e67e32c85465826e8bcc1c59429aaaf107c1e4a9e53c8d8ccd5eff88d0"
